<Solution>
  <Project Path="InformationTheoryLab1/InformationTheoryLab1.csproj" />
  <Project Path="InformationTheoryLab2/InformationTheoryLab2.csproj" Id="881dff76-48c3-46c0-975c-f3072243ba9b" />
  <Project Path="InformationTheoryLab3/InformationTheoryLab3.csproj" Id="44e5392a-b0ca-4416-88a9-c6b1f7a197ee" />
</Solution>
